
Microsoft Visual Studio Solution File, Format Version 12.00
# Visual Studio Version 16
VisualStudioVersion = 16.0.30225.117
MinimumVisualStudioVersion = 10.0.40219.1
Project("{FAE04EC0-301F-11D3-BF4B-00C04F79EFBC}") = "FootballClub", "FootballClub\FootballClub.csproj", "{8B18379B-FB83-4A58-9596-8BFA52C6F945}"
EndProject
Global
	GlobalSection(SolutionConfigurationPlatforms) = preSolution
		Debug|Any CPU = Debug|Any CPU
		Release|Any CPU = Release|Any CPU
	EndGlobalSection
	GlobalSection(ProjectConfigurationPlatforms) = postSolution
		{8B18379B-FB83-4A58-9596-8BFA52C6F945}.Debug|Any CPU.ActiveCfg = Debug|Any CPU
		{8B18379B-FB83-4A58-9596-8BFA52C6F945}.Debug|Any CPU.Build.0 = Debug|Any CPU
		{8B18379B-FB83-4A58-9596-8BFA52C6F945}.Release|Any CPU.ActiveCfg = Release|Any CPU
		{8B18379B-FB83-4A58-9596-8BFA52C6F945}.Release|Any CPU.Build.0 = Release|Any CPU
	EndGlobalSection
	GlobalSection(SolutionProperties) = preSolution
		HideSolutionNode = FALSE
	EndGlobalSection
	GlobalSection(ExtensibilityGlobals) = postSolution
		SolutionGuid = {615243B7-C7A9-46DE-A8F1-18D35F022991}
	EndGlobalSection
EndGlobal
